// !$*UTF8*$!
{
	archiveVersion = 1;
	classes = {
	};
	objectVersion = 56;
	objects = {

/* Begin PBXBuildFile section */
		B64920D92A8FC95800E437CC /* main.cpp in Sources */ = {isa = PBXBuildFile; fileRef = B64920D82A8FC95800E437CC /* main.cpp */; };
		B64920E12A8FC96D00E437CC /* SDL2.framework in Frameworks */ = {isa = PBXBuildFile; fileRef = B64920E02A8FC96D00E437CC /* SDL2.framework */; };
		B64920E22A8FC96D00E437CC /* SDL2.framework in Embed Frameworks */ = {isa = PBXBuildFile; fileRef = B64920E02A8FC96D00E437CC /* SDL2.framework */; settings = {ATTRIBUTES = (CodeSignOnCopy, RemoveHeadersOnCopy, ); }; };
		B64920E72A8FCCBC00E437CC /* chip8.cpp in Sources */ = {isa = PBXBuildFile; fileRef = B64920E62A8FCCBC00E437CC /* chip8.cpp */; };
		B64920EA2A8FDFC200E437CC /* display.cpp in Sources */ = {isa = PBXBuildFile; fileRef = B64920E82A8FDFC200E437CC /* display.cpp */; };
/* End PBXBuildFile section */

/* Begin PBXCopyFilesBuildPhase section */
		B64920D32A8FC95800E437CC /* CopyFiles */ = {
			isa = PBXCopyFilesBuildPhase;
			buildActionMask = 2147483647;
			dstPath = /usr/share/man/man1/;
			dstSubfolderSpec = 0;
			files = (
			);
			runOnlyForDeploymentPostprocessing = 1;
		};
		B64920E32A8FC96D00E437CC /* Embed Frameworks */ = {
			isa = PBXCopyFilesBuildPhase;
			buildActionMask = 2147483647;
			dstPath = "";
			dstSubfolderSpec = 10;
			files = (
				B64920E22A8FC96D00E437CC /* SDL2.framework in Embed Frameworks */,
			);
			name = "Embed Frameworks";
			runOnlyForDeploymentPostprocessing = 0;
		};
/* End PBXCopyFilesBuildPhase section */

/* Begin PBXFileReference section */
		B64920D52A8FC95800E437CC /* chipeit */ = {isa = PBXFileReference; explicitFileType = "compiled.mach-o.executable"; includeInIndex = 0; path = chipeit; sourceTree = BUILT_PRODUCTS_DIR; };
		B64920D82A8FC95800E437CC /* main.cpp */ = {isa = PBXFileReference; lastKnownFileType = sourcecode.cpp.cpp; path = main.cpp; sourceTree = "<group>"; };
		B64920E02A8FC96D00E437CC /* SDL2.framework */ = {isa = PBXFileReference; lastKnownFileType = wrapper.framework; name = SDL2.framework; path = ../../../../Library/Frameworks/SDL2.framework; sourceTree = "<group>"; };
		B64920E42A8FC99900E437CC /* chip8.h */ = {isa = PBXFileReference; lastKnownFileType = sourcecode.c.h; path = chip8.h; sourceTree = "<group>"; };
		B64920E52A8FCC8300E437CC /* ibm.ch8 */ = {isa = PBXFileReference; lastKnownFileType = file; path = ibm.ch8; sourceTree = "<group>"; };
		B64920E62A8FCCBC00E437CC /* chip8.cpp */ = {isa = PBXFileReference; lastKnownFileType = sourcecode.cpp.cpp; path = chip8.cpp; sourceTree = "<group>"; };
		B64920E82A8FDFC200E437CC /* display.cpp */ = {isa = PBXFileReference; lastKnownFileType = sourcecode.cpp.cpp; path = display.cpp; sourceTree = "<group>"; };
		B64920E92A8FDFC200E437CC /* display.hpp */ = {isa = PBXFileReference; lastKnownFileType = sourcecode.cpp.h; path = display.hpp; sourceTree = "<group>"; };
		B64920EB2A930AAD00E437CC /* 1-chip8-logo.ch8 */ = {isa = PBXFileReference; lastKnownFileType = file; path = "1-chip8-logo.ch8"; sourceTree = "<group>"; };
		B64920EC2A9540CB00E437CC /* maze-demo.ch8 */ = {isa = PBXFileReference; lastKnownFileType = file; path = "maze-demo.ch8"; sourceTree = "<group>"; };
		B64920ED2A95470C00E437CC /* particle-demo.ch8 */ = {isa = PBXFileReference; lastKnownFileType = file; path = "particle-demo.ch8"; sourceTree = "<group>"; };
		B64920EE2A957FE700E437CC /* zero-demo.ch8 */ = {isa = PBXFileReference; lastKnownFileType = file; path = "zero-demo.ch8"; sourceTree = "<group>"; };
/* End PBXFileReference section */

/* Begin PBXFrameworksBuildPhase section */
		B64920D22A8FC95800E437CC /* Frameworks */ = {
			isa = PBXFrameworksBuildPhase;
			buildActionMask = 2147483647;
			files = (
				B64920E12A8FC96D00E437CC /* SDL2.framework in Frameworks */,
			);
			runOnlyForDeploymentPostprocessing = 0;
		};
/* End PBXFrameworksBuildPhase section */

/* Begin PBXGroup section */
		B64920CC2A8FC95800E437CC = {
			isa = PBXGroup;
			children = (
				B64920D72A8FC95800E437CC /* chipeit */,
				B64920D62A8FC95800E437CC /* Products */,
				B64920DF2A8FC96D00E437CC /* Frameworks */,
			);
			sourceTree = "<group>";
		};
		B64920D62A8FC95800E437CC /* Products */ = {
			isa = PBXGroup;
			children = (
				B64920D52A8FC95800E437CC /* chipeit */,
			);
			name = Products;
			sourceTree = "<group>";
		};
		B64920D72A8FC95800E437CC /* chipeit */ = {
			isa = PBXGroup;
			children = (
				B64920EE2A957FE700E437CC /* zero-demo.ch8 */,
				B64920ED2A95470C00E437CC /* particle-demo.ch8 */,
				B64920EC2A9540CB00E437CC /* maze-demo.ch8 */,
				B64920EB2A930AAD00E437CC /* 1-chip8-logo.ch8 */,
				B64920E52A8FCC8300E437CC /* ibm.ch8 */,
				B64920D82A8FC95800E437CC /* main.cpp */,
				B64920E42A8FC99900E437CC /* chip8.h */,
				B64920E62A8FCCBC00E437CC /* chip8.cpp */,
				B64920E82A8FDFC200E437CC /* display.cpp */,
				B64920E92A8FDFC200E437CC /* display.hpp */,
			);
			path = chipeit;
			sourceTree = "<group>";
		};
		B64920DF2A8FC96D00E437CC /* Frameworks */ = {
			isa = PBXGroup;
			children = (
				B64920E02A8FC96D00E437CC /* SDL2.framework */,
			);
			name = Frameworks;
			sourceTree = "<group>";
		};
/* End PBXGroup section */

/* Begin PBXNativeTarget section */
		B64920D42A8FC95800E437CC /* chipeit */ = {
			isa = PBXNativeTarget;
			buildConfigurationList = B64920DC2A8FC95800E437CC /* Build configuration list for PBXNativeTarget "chipeit" */;
			buildPhases = (
				B64920D12A8FC95800E437CC /* Sources */,
				B64920D22A8FC95800E437CC /* Frameworks */,
				B64920D32A8FC95800E437CC /* CopyFiles */,
				B64920E32A8FC96D00E437CC /* Embed Frameworks */,
			);
			buildRules = (
			);
			dependencies = (
			);
			name = chipeit;
			productName = chipeit;
			productReference = B64920D52A8FC95800E437CC /* chipeit */;
			productType = "com.apple.product-type.tool";
		};
/* End PBXNativeTarget section */

/* Begin PBXProject section */
		B64920CD2A8FC95800E437CC /* Project object */ = {
			isa = PBXProject;
			attributes = {
				BuildIndependentTargetsInParallel = 1;
				LastUpgradeCheck = 1430;
				TargetAttributes = {
					B64920D42A8FC95800E437CC = {
						CreatedOnToolsVersion = 14.3.1;
					};
				};
			};
			buildConfigurationList = B64920D02A8FC95800E437CC /* Build configuration list for PBXProject "chipeit" */;
			compatibilityVersion = "Xcode 14.0";
			developmentRegion = en;
			hasScannedForEncodings = 0;
			knownRegions = (
				en,
				Base,
			);
			mainGroup = B64920CC2A8FC95800E437CC;
			productRefGroup = B64920D62A8FC95800E437CC /* Products */;
			projectDirPath = "";
			projectRoot = "";
			targets = (
				B64920D42A8FC95800E437CC /* chipeit */,
			);
		};
/* End PBXProject section */

/* Begin PBXSourcesBuildPhase section */
		B64920D12A8FC95800E437CC /* Sources */ = {
			isa = PBXSourcesBuildPhase;
			buildActionMask = 2147483647;
			files = (
				B64920E72A8FCCBC00E437CC /* chip8.cpp in Sources */,
				B64920D92A8FC95800E437CC /* main.cpp in Sources */,
				B64920EA2A8FDFC200E437CC /* display.cpp in Sources */,
			);
			runOnlyForDeploymentPostprocessing = 0;
		};
/* End PBXSourcesBuildPhase section */

/* Begin XCBuildConfiguration section */
		B64920DA2A8FC95800E437CC /* Debug */ = {
			isa = XCBuildConfiguration;
			buildSettings = {
				ALWAYS_SEARCH_USER_PATHS = NO;
				CLANG_ANALYZER_NONNULL = YES;
				CLANG_ANALYZER_NUMBER_OBJECT_CONVERSION = YES_AGGRESSIVE;
				CLANG_CXX_LANGUAGE_STANDARD = "gnu++20";
				CLANG_ENABLE_MODULES = YES;
				CLANG_ENABLE_OBJC_ARC = YES;
				CLANG_ENABLE_OBJC_WEAK = YES;
				CLANG_WARN_BLOCK_CAPTURE_AUTORELEASING = YES;
				CLANG_WARN_BOOL_CONVERSION = YES;
				CLANG_WARN_COMMA = YES;
				CLANG_WARN_CONSTANT_CONVERSION = YES;
				CLANG_WARN_DEPRECATED_OBJC_IMPLEMENTATIONS = YES;
				CLANG_WARN_DIRECT_OBJC_ISA_USAGE = YES_ERROR;
				CLANG_WARN_DOCUMENTATION_COMMENTS = YES;
				CLANG_WARN_EMPTY_BODY = YES;
				CLANG_WARN_ENUM_CONVERSION = YES;
				CLANG_WARN_INFINITE_RECURSION = YES;
				CLANG_WARN_INT_CONVERSION = YES;
				CLANG_WARN_NON_LITERAL_NULL_CONVERSION = YES;
				CLANG_WARN_OBJC_IMPLICIT_RETAIN_SELF = YES;
				CLANG_WARN_OBJC_LITERAL_CONVERSION = YES;
				CLANG_WARN_OBJC_ROOT_CLASS = YES_ERROR;
				CLANG_WARN_QUOTED_INCLUDE_IN_FRAMEWORK_HEADER = YES;
				CLANG_WARN_RANGE_LOOP_ANALYSIS = YES;
				CLANG_WARN_STRICT_PROTOTYPES = YES;
				CLANG_WARN_SUSPICIOUS_MOVE = YES;
				CLANG_WARN_UNGUARDED_AVAILABILITY = YES_AGGRESSIVE;
				CLANG_WARN_UNREACHABLE_CODE = YES;
				CLANG_WARN__DUPLICATE_METHOD_MATCH = YES;
				COPY_PHASE_STRIP = NO;
				DEBUG_INFORMATION_FORMAT = dwarf;
				ENABLE_STRICT_OBJC_MSGSEND = YES;
				ENABLE_TESTABILITY = YES;
				GCC_C_LANGUAGE_STANDARD = gnu11;
				GCC_DYNAMIC_NO_PIC = NO;
				GCC_NO_COMMON_BLOCKS = YES;
				GCC_OPTIMIZATION_LEVEL = 0;
				GCC_PREPROCESSOR_DEFINITIONS = (
					"DEBUG=1",
					"$(inherited)",
				);
				GCC_WARN_64_TO_32_BIT_CONVERSION = YES;
				GCC_WARN_ABOUT_RETURN_TYPE = YES_ERROR;
				GCC_WARN_UNDECLARED_SELECTOR = YES;
				GCC_WARN_UNINITIALIZED_AUTOS = YES_AGGRESSIVE;
				GCC_WARN_UNUSED_FUNCTION = YES;
				GCC_WARN_UNUSED_VARIABLE = YES;
				MACOSX_DEPLOYMENT_TARGET = 13.3;
				MTL_ENABLE_DEBUG_INFO = INCLUDE_SOURCE;
				MTL_FAST_MATH = YES;
				ONLY_ACTIVE_ARCH = YES;
				SDKROOT = macosx;
			};
			name = Debug;
		};
		B64920DB2A8FC95800E437CC /* Release */ = {
			isa = XCBuildConfiguration;
			buildSettings = {
				ALWAYS_SEARCH_USER_PATHS = NO;
				CLANG_ANALYZER_NONNULL = YES;
				CLANG_ANALYZER_NUMBER_OBJECT_CONVERSION = YES_AGGRESSIVE;
				CLANG_CXX_LANGUAGE_STANDARD = "gnu++20";
				CLANG_ENABLE_MODULES = YES;
				CLANG_ENABLE_OBJC_ARC = YES;
				CLANG_ENABLE_OBJC_WEAK = YES;
				CLANG_WARN_BLOCK_CAPTURE_AUTORELEASING = YES;
				CLANG_WARN_BOOL_CONVERSION = YES;
				CLANG_WARN_COMMA = YES;
				CLANG_WARN_CONSTANT_CONVERSION = YES;
				CLANG_WARN_DEPRECATED_OBJC_IMPLEMENTATIONS = YES;
				CLANG_WARN_DIRECT_OBJC_ISA_USAGE = YES_ERROR;
				CLANG_WARN_DOCUMENTATION_COMMENTS = YES;
				CLANG_WARN_EMPTY_BODY = YES;
				CLANG_WARN_ENUM_CONVERSION = YES;
				CLANG_WARN_INFINITE_RECURSION = YES;
				CLANG_WARN_INT_CONVERSION = YES;
				CLANG_WARN_NON_LITERAL_NULL_CONVERSION = YES;
				CLANG_WARN_OBJC_IMPLICIT_RETAIN_SELF = YES;
				CLANG_WARN_OBJC_LITERAL_CONVERSION = YES;
				CLANG_WARN_OBJC_ROOT_CLASS = YES_ERROR;
				CLANG_WARN_QUOTED_INCLUDE_IN_FRAMEWORK_HEADER = YES;
				CLANG_WARN_RANGE_LOOP_ANALYSIS = YES;
				CLANG_WARN_STRICT_PROTOTYPES = YES;
				CLANG_WARN_SUSPICIOUS_MOVE = YES;
				CLANG_WARN_UNGUARDED_AVAILABILITY = YES_AGGRESSIVE;
				CLANG_WARN_UNREACHABLE_CODE = YES;
				CLANG_WARN__DUPLICATE_METHOD_MATCH = YES;
				COPY_PHASE_STRIP = NO;
				DEBUG_INFORMATION_FORMAT = "dwarf-with-dsym";
				ENABLE_NS_ASSERTIONS = NO;
				ENABLE_STRICT_OBJC_MSGSEND = YES;
				GCC_C_LANGUAGE_STANDARD = gnu11;
				GCC_NO_COMMON_BLOCKS = YES;
				GCC_WARN_64_TO_32_BIT_CONVERSION = YES;
				GCC_WARN_ABOUT_RETURN_TYPE = YES_ERROR;
				GCC_WARN_UNDECLARED_SELECTOR = YES;
				GCC_WARN_UNINITIALIZED_AUTOS = YES_AGGRESSIVE;
				GCC_WARN_UNUSED_FUNCTION = YES;
				GCC_WARN_UNUSED_VARIABLE = YES;
				MACOSX_DEPLOYMENT_TARGET = 13.3;
				MTL_ENABLE_DEBUG_INFO = NO;
				MTL_FAST_MATH = YES;
				SDKROOT = macosx;
			};
			name = Release;
		};
		B64920DD2A8FC95800E437CC /* Debug */ = {
			isa = XCBuildConfiguration;
			buildSettings = {
				CODE_SIGN_STYLE = Automatic;
				FRAMEWORK_SEARCH_PATHS = (
					"$(inherited)",
					"$(LOCAL_LIBRARY_DIR)/Frameworks",
				);
				PRODUCT_NAME = "$(TARGET_NAME)";
			};
			name = Debug;
		};
		B64920DE2A8FC95800E437CC /* Release */ = {
			isa = XCBuildConfiguration;
			buildSettings = {
				CODE_SIGN_STYLE = Automatic;
				FRAMEWORK_SEARCH_PATHS = (
					"$(inherited)",
					"$(LOCAL_LIBRARY_DIR)/Frameworks",
				);
				PRODUCT_NAME = "$(TARGET_NAME)";
			};
			name = Release;
		};
/* End XCBuildConfiguration section */

/* Begin XCConfigurationList section */
		B64920D02A8FC95800E437CC /* Build configuration list for PBXProject "chipeit" */ = {
			isa = XCConfigurationList;
			buildConfigurations = (
				B64920DA2A8FC95800E437CC /* Debug */,
				B64920DB2A8FC95800E437CC /* Release */,
			);
			defaultConfigurationIsVisible = 0;
			defaultConfigurationName = Release;
		};
		B64920DC2A8FC95800E437CC /* Build configuration list for PBXNativeTarget "chipeit" */ = {
			isa = XCConfigurationList;
			buildConfigurations = (
				B64920DD2A8FC95800E437CC /* Debug */,
				B64920DE2A8FC95800E437CC /* Release */,
			);
			defaultConfigurationIsVisible = 0;
			defaultConfigurationName = Release;
		};
/* End XCConfigurationList section */
	};
	rootObject = B64920CD2A8FC95800E437CC /* Project object */;
}
